
Microsoft Visual Studio Solution File, Format Version 12.00
# Visual Studio Version 16
VisualStudioVersion = 16.0.30406.217
MinimumVisualStudioVersion = 10.0.40219.1
Project("{FAE04EC0-301F-11D3-BF4B-00C04F79EFBC}") = "EmployeeApp", "EmployeeApp\EmployeeApp.csproj", "{C9B52BC6-21ED-4204-A6AF-0A9E3189BF69}"
EndProject
Global
	GlobalSection(SolutionConfigurationPlatforms) = preSolution
		Debug|Any CPU = Debug|Any CPU
		Release|Any CPU = Release|Any CPU
	EndGlobalSection
	GlobalSection(ProjectConfigurationPlatforms) = postSolution
		{C9B52BC6-21ED-4204-A6AF-0A9E3189BF69}.Debug|Any CPU.ActiveCfg = Debug|Any CPU
		{C9B52BC6-21ED-4204-A6AF-0A9E3189BF69}.Debug|Any CPU.Build.0 = Debug|Any CPU
		{C9B52BC6-21ED-4204-A6AF-0A9E3189BF69}.Release|Any CPU.ActiveCfg = Release|Any CPU
		{C9B52BC6-21ED-4204-A6AF-0A9E3189BF69}.Release|Any CPU.Build.0 = Release|Any CPU
	EndGlobalSection
	GlobalSection(SolutionProperties) = preSolution
		HideSolutionNode = FALSE
	EndGlobalSection
	GlobalSection(ExtensibilityGlobals) = postSolution
		SolutionGuid = {7872F7CD-26D8-41D5-9642-AF2F5E092EBA}
	EndGlobalSection
EndGlobal
